
Microsoft Visual Studio Solution File, Format Version 12.00
Project("{FAE04EC0-301F-11D3-BF4B-00C04F79EFBC}") = "ResourceGridTweaks", "Source\ResourceGridTweaks.csproj", "{2E82CF62-5A59-4580-963D-D32471036F7C}"
EndProject
Global
	GlobalSection(SolutionConfigurationPlatforms) = preSolution
		Debug|Any CPU = Debug|Any CPU
		Release|Any CPU = Release|Any CPU
	EndGlobalSection
	GlobalSection(ProjectConfigurationPlatforms) = postSolution
		{2E82CF62-5A59-4580-963D-D32471036F7C}.Debug|Any CPU.ActiveCfg = Debug|Any CPU
		{2E82CF62-5A59-4580-963D-D32471036F7C}.Debug|Any CPU.Build.0 = Debug|Any CPU
		{2E82CF62-5A59-4580-963D-D32471036F7C}.Release|Any CPU.ActiveCfg = Release|Any CPU
		{2E82CF62-5A59-4580-963D-D32471036F7C}.Release|Any CPU.Build.0 = Release|Any CPU
	EndGlobalSection
EndGlobal
